
Microsoft Visual Studio Solution File, Format Version 12.00
# Visual Studio Version 17
VisualStudioVersion = 17.14.37710.0 d17.14
MinimumVisualStudioVersion = 10.0.40219.1
Project("{FAE04EC0-301F-11D3-BF4B-00C04F79EFBC}") = "Clase7BE", "Clase7BE.csproj", "{4957F511-93F6-4C85-888B-C4D90D027770}"
EndProject
Global
	GlobalSection(SolutionConfigurationPlatforms) = preSolution
		Debug|Any CPU = Debug|Any CPU
		Release|Any CPU = Release|Any CPU
	EndGlobalSection
	GlobalSection(ProjectConfigurationPlatforms) = postSolution
		{4957F511-93F6-4C85-888B-C4D90D027770}.Debug|Any CPU.ActiveCfg = Debug|Any CPU
		{4957F511-93F6-4C85-888B-C4D90D027770}.Debug|Any CPU.Build.0 = Debug|Any CPU
		{4957F511-93F6-4C85-888B-C4D90D027770}.Release|Any CPU.ActiveCfg = Release|Any CPU
		{4957F511-93F6-4C85-888B-C4D90D027770}.Release|Any CPU.Build.0 = Release|Any CPU
	EndGlobalSection
	GlobalSection(SolutionProperties) = preSolution
		HideSolutionNode = FALSE
	EndGlobalSection
	GlobalSection(ExtensibilityGlobals) = postSolution
		SolutionGuid = {3C1C14AE-DBCB-44CA-9B8D-6811A20A5AB4}
	EndGlobalSection
EndGlobal
